
Microsoft Visual Studio Solution File, Format Version 12.00
# Visual Studio Version 17
VisualStudioVersion = 17.5.33516.290
MinimumVisualStudioVersion = 10.0.40219.1
Project("{9A19103F-16F7-4668-BE54-9A1E7A4F7556}") = "Core", "Core\Core.csproj", "{EAFC0DAE-B189-42CF-9037-CAD724427D4F}"
EndProject
Project("{9A19103F-16F7-4668-BE54-9A1E7A4F7556}") = "Service", "Service\Service.csproj", "{7EC96CA5-304D-4131-AB83-E0BA00CE5FBF}"
EndProject
Project("{9A19103F-16F7-4668-BE54-9A1E7A4F7556}") = "API", "API\API.csproj", "{B221478F-9090-43EF-8AD0-5737A3DE8189}"
EndProject
Project("{9A19103F-16F7-4668-BE54-9A1E7A4F7556}") = "Repository", "Repository\Repository.csproj", "{4DF05313-2968-4001-95AE-ECC0A1E960D7}"
EndProject
Global
	GlobalSection(SolutionConfigurationPlatforms) = preSolution
		Debug|Any CPU = Debug|Any CPU
		Release|Any CPU = Release|Any CPU
	EndGlobalSection
	GlobalSection(ProjectConfigurationPlatforms) = postSolution
		{EAFC0DAE-B189-42CF-9037-CAD724427D4F}.Debug|Any CPU.ActiveCfg = Debug|Any CPU
		{EAFC0DAE-B189-42CF-9037-CAD724427D4F}.Debug|Any CPU.Build.0 = Debug|Any CPU
		{EAFC0DAE-B189-42CF-9037-CAD724427D4F}.Release|Any CPU.ActiveCfg = Release|Any CPU
		{EAFC0DAE-B189-42CF-9037-CAD724427D4F}.Release|Any CPU.Build.0 = Release|Any CPU
		{7EC96CA5-304D-4131-AB83-E0BA00CE5FBF}.Debug|Any CPU.ActiveCfg = Debug|Any CPU
		{7EC96CA5-304D-4131-AB83-E0BA00CE5FBF}.Debug|Any CPU.Build.0 = Debug|Any CPU
		{7EC96CA5-304D-4131-AB83-E0BA00CE5FBF}.Release|Any CPU.ActiveCfg = Release|Any CPU
		{7EC96CA5-304D-4131-AB83-E0BA00CE5FBF}.Release|Any CPU.Build.0 = Release|Any CPU
		{B221478F-9090-43EF-8AD0-5737A3DE8189}.Debug|Any CPU.ActiveCfg = Debug|Any CPU
		{B221478F-9090-43EF-8AD0-5737A3DE8189}.Debug|Any CPU.Build.0 = Debug|Any CPU
		{B221478F-9090-43EF-8AD0-5737A3DE8189}.Release|Any CPU.ActiveCfg = Release|Any CPU
		{B221478F-9090-43EF-8AD0-5737A3DE8189}.Release|Any CPU.Build.0 = Release|Any CPU
		{4DF05313-2968-4001-95AE-ECC0A1E960D7}.Debug|Any CPU.ActiveCfg = Debug|Any CPU
		{4DF05313-2968-4001-95AE-ECC0A1E960D7}.Debug|Any CPU.Build.0 = Debug|Any CPU
		{4DF05313-2968-4001-95AE-ECC0A1E960D7}.Release|Any CPU.ActiveCfg = Release|Any CPU
		{4DF05313-2968-4001-95AE-ECC0A1E960D7}.Release|Any CPU.Build.0 = Release|Any CPU
	EndGlobalSection
	GlobalSection(SolutionProperties) = preSolution
		HideSolutionNode = FALSE
	EndGlobalSection
	GlobalSection(ExtensibilityGlobals) = postSolution
		SolutionGuid = {1AA3726C-3DA6-4107-B164-902CBCE66CC7}
	EndGlobalSection
EndGlobal
